<?xml version="1.0" encoding="utf-8"?>
<Project ToolsVersion="4.0" xmlns="http://schemas.microsoft.com/developer/msbuild/2003">
  <ItemGroup>
    <Filter Include="Source Files">
      <UniqueIdentifier>{4FC737F1-C7A5-4376-A066-2A32D752A2FF}</UniqueIdentifier>
      <Extensions>cpp;c;cc;cxx;c++;cppm;ixx;def;odl;idl;hpj;bat;asm;asmx</Extensions>
    </Filter>
    <Filter Include="Header Files">
      <UniqueIdentifier>{93995380-89BD-4b04-88EB-625FBE52EBFB}</UniqueIdentifier>
      <Extensions>h;hh;hpp;hxx;h++;hm;inl;inc;ipp;xsd</Extensions>
    </Filter>
    <Filter Include="Resource Files">
      <UniqueIdentifier>{67DA6AB6-F800-4c08-8B7A-83BB121AAD01}</UniqueIdentifier>
      <Extensions>rc;ico;cur;bmp;dlg;rc2;rct;bin;rgs;gif;jpg;jpeg;jpe;resx;tiff;tif;png;wav;mfcribbon-ms</Extensions>
    </Filter>
    <Filter Include="Header Files\Image files">
      <UniqueIdentifier>{7a1f3f77-ddff-4dd4-911c-dc669ecb6b84}</UniqueIdentifier>
    </Filter>
    <Filter Include="Source Files\Image files">
      <UniqueIdentifier>{df5be887-426b-4faf-b7c2-9f86049b88dc}</UniqueIdentifier>
    </Filter>
    <Filter Include="Header Files\Transformation files">
      <UniqueIdentifier>{67a6b4eb-4aab-472c-b769-9afd6220f202}</UniqueIdentifier>
    </Filter>
    <Filter Include="Source Files\Transformation files">
      <UniqueIdentifier>{55f866d5-2bd2-4eb4-afea-b7fb3003f62e}</UniqueIdentifier>
    </Filter>
    <Filter Include="Source Files\Session files">
      <UniqueIdentifier>{d6773fa0-899e-46d1-9d83-46ae8ec97c67}</UniqueIdentifier>
    </Filter>
    <Filter Include="Header Files\Session files">
      <UniqueIdentifier>{58936bbd-aa58-4644-b08a-4ada13b56c08}</UniqueIdentifier>
    </Filter>
  </ItemGroup>
  <ItemGroup>
    <ClCompile Include="RasterGraphics.cpp">
      <Filter>Source Files</Filter>
    </ClCompile>
    <ClCompile Include="Engine.cpp">
      <Filter>Source Files</Filter>
    </ClCompile>
    <ClCompile Include="PBMImage.cpp">
      <Filter>Source Files\Image files</Filter>
    </ClCompile>
    <ClCompile Include="PGMImage.cpp">
      <Filter>Source Files\Image files</Filter>
    </ClCompile>
    <ClCompile Include="PPMImage.cpp">
      <Filter>Source Files\Image files</Filter>
    </ClCompile>
    <ClCompile Include="Grayscale.cpp">
      <Filter>Source Files\Transformation files</Filter>
    </ClCompile>
    <ClCompile Include="Monochrome.cpp">
      <Filter>Source Files\Transformation files</Filter>
    </ClCompile>
    <ClCompile Include="Negative.cpp">
      <Filter>Source Files\Transformation files</Filter>
    </ClCompile>
    <ClCompile Include="Rotate.cpp">
      <Filter>Source Files\Transformation files</Filter>
    </ClCompile>
    <ClCompile Include="Session.cpp">
      <Filter>Source Files\Session files</Filter>
    </ClCompile>
    <ClCompile Include="SessionContainer.cpp">
      <Filter>Source Files\Session files</Filter>
    </ClCompile>
    <ClCompile Include="SessionManager.cpp">
      <Filter>Source Files\Session files</Filter>
    </ClCompile>
    <ClCompile Include="Image.cpp">
      <Filter>Source Files</Filter>
    </ClCompile>
    <ClCompile Include="ImageContainer.cpp">
      <Filter>Source Files</Filter>
    </ClCompile>
    <ClCompile Include="DynamicSet.cpp">
      <Filter>Source Files</Filter>
    </ClCompile>
  </ItemGroup>
  <ItemGroup>
    <ClInclude Include="Engine.h">
      <Filter>Header Files</Filter>
    </ClInclude>
    <ClInclude Include="Image.h">
      <Filter>Header Files\Image files</Filter>
    </ClInclude>
    <ClInclude Include="PBMImage.h">
      <Filter>Header Files\Image files</Filter>
    </ClInclude>
    <ClInclude Include="PGMImage.h">
      <Filter>Header Files\Image files</Filter>
    </ClInclude>
    <ClInclude Include="PPMImage.h">
      <Filter>Header Files\Image files</Filter>
    </ClInclude>
    <ClInclude Include="Monochrome.h">
      <Filter>Header Files\Transformation files</Filter>
    </ClInclude>
    <ClInclude Include="Negative.h">
      <Filter>Header Files\Transformation files</Filter>
    </ClInclude>
    <ClInclude Include="Rotate.h">
      <Filter>Header Files\Transformation files</Filter>
    </ClInclude>
    <ClInclude Include="Transformation.h">
      <Filter>Header Files\Transformation files</Filter>
    </ClInclude>
    <ClInclude Include="Grayscale.h">
      <Filter>Header Files\Transformation files</Filter>
    </ClInclude>
    <ClInclude Include="SessionContainer.h">
      <Filter>Header Files\Session files</Filter>
    </ClInclude>
    <ClInclude Include="Session.h">
      <Filter>Header Files\Session files</Filter>
    </ClInclude>
    <ClInclude Include="SessionManager.h">
      <Filter>Header Files\Session files</Filter>
    </ClInclude>
    <ClInclude Include="Pixel.h">
      <Filter>Header Files</Filter>
    </ClInclude>
    <ClInclude Include="ImageContainer.h">
      <Filter>Header Files</Filter>
    </ClInclude>
    <ClInclude Include="DynamicSet.h">
      <Filter>Header Files</Filter>
    </ClInclude>
  </ItemGroup>
</Project>