<?xml version="1.0" encoding="utf-8"?>
<Project ToolsVersion="4.0" xmlns="http://schemas.microsoft.com/developer/msbuild/2003">
  <ItemGroup>
    <Filter Include="Source Files">
      <UniqueIdentifier>{4FC737F1-C7A5-4376-A066-2A32D752A2FF}</UniqueIdentifier>
      <Extensions>cpp;c;cc;cxx;c++;cppm;ixx;def;odl;idl;hpj;bat;asm;asmx</Extensions>
    </Filter>
    <Filter Include="Header Files">
      <UniqueIdentifier>{93995380-89BD-4b04-88EB-625FBE52EBFB}</UniqueIdentifier>
      <Extensions>h;hh;hpp;hxx;h++;hm;inl;inc;ipp;xsd</Extensions>
    </Filter>
    <Filter Include="Resource Files">
      <UniqueIdentifier>{67DA6AB6-F800-4c08-8B7A-83BB121AAD01}</UniqueIdentifier>
      <Extensions>rc;ico;cur;bmp;dlg;rc2;rct;bin;rgs;gif;jpg;jpeg;jpe;resx;tiff;tif;png;wav;mfcribbon-ms</Extensions>
    </Filter>
    <Filter Include="Header Files\Image files">
      <UniqueIdentifier>{7a1f3f77-ddff-4dd4-911c-dc669ecb6b84}</UniqueIdentifier>
    </Filter>
    <Filter Include="Source Files\Image files">
      <UniqueIdentifier>{df5be887-426b-4faf-b7c2-9f86049b88dc}</UniqueIdentifier>
    </Filter>
    <Filter Include="Header Files\Transformation files">
      <UniqueIdentifier>{67a6b4eb-4aab-472c-b769-9afd6220f202}</UniqueIdentifier>
    </Filter>
    <Filter Include="Source Files\Transformation files">
      <UniqueIdentifier>{55f866d5-2bd2-4eb4-afea-b7fb3003f62e}</UniqueIdentifier>
    </Filter>
    <Filter Include="Source Files\Session files">
      <UniqueIdentifier>{d6773fa0-899e-46d1-9d83-46ae8ec97c67}</UniqueIdentifier>
    </Filter>
    <Filter Include="Header Files\Session files">
      <UniqueIdentifier>{58936bbd-aa58-4644-b08a-4ada13b56c08}</UniqueIdentifier>
    </Filter>
    <Filter Include="Source Files\Utility">
      <UniqueIdentifier>{8ef6b454-c12d-4dff-8842-7b6a4394fee6}</UniqueIdentifier>
    </Filter>
    <Filter Include="Header Files\Utility">
      <UniqueIdentifier>{0532417d-c558-4160-8899-6620718c3139}</UniqueIdentifier>
    </Filter>
    <Filter Include="Header Files\ApplicationService files">
      <UniqueIdentifier>{1d5198fe-1c5b-4b7a-bc62-14cc747ca6e7}</UniqueIdentifier>
    </Filter>
    <Filter Include="Source Files\ApplicationService files">
      <UniqueIdentifier>{18cd9a4a-354a-422e-97a4-f84e7e3a7315}</UniqueIdentifier>
    </Filter>
    <Filter Include="Source Files\Command files">
      <UniqueIdentifier>{e0cfe22e-3b82-4339-a5b1-97cdf88328d5}</UniqueIdentifier>
    </Filter>
    <Filter Include="Header Files\Command files">
      <UniqueIdentifier>{a3a701f1-05c3-40d0-86c6-cd635cabf57d}</UniqueIdentifier>
    </Filter>
    <Filter Include="Header Files\Container files">
      <UniqueIdentifier>{6cbaf212-ed19-447c-9b51-a55f5d7ddc7c}</UniqueIdentifier>
    </Filter>
    <Filter Include="Source Files\Container files">
      <UniqueIdentifier>{47cf09e3-ca4e-4263-895f-58a6f18e5b05}</UniqueIdentifier>
    </Filter>
    <Filter Include="Header Files\Command files\Addable">
      <UniqueIdentifier>{f0ef20da-611b-4d1f-ba27-a99474f09680}</UniqueIdentifier>
    </Filter>
    <Filter Include="Header Files\Command files\Tranformational">
      <UniqueIdentifier>{1c4ae8a2-fb99-4e98-bcdc-c8db20e97088}</UniqueIdentifier>
    </Filter>
    <Filter Include="Source Files\Command files\Transformational">
      <UniqueIdentifier>{15ac9b7f-86cd-41de-85f3-19e050abeed7}</UniqueIdentifier>
    </Filter>
    <Filter Include="Source Files\Command files\Addable">
      <UniqueIdentifier>{9ebee977-57a8-4c12-9aab-d0b7230b7ef6}</UniqueIdentifier>
    </Filter>
    <Filter Include="Header Files\Factory">
      <UniqueIdentifier>{37fd8756-6286-4d47-8c5e-8c11ffa1d023}</UniqueIdentifier>
    </Filter>
    <Filter Include="Source Files\Factory">
      <UniqueIdentifier>{b6c051af-34ae-4e93-9784-67fd3ff138bb}</UniqueIdentifier>
    </Filter>
  </ItemGroup>
  <ItemGroup>
    <ClCompile Include="RasterGraphics.cpp">
      <Filter>Source Files</Filter>
    </ClCompile>
    <ClCompile Include="PBMImage.cpp">
      <Filter>Source Files\Image files</Filter>
    </ClCompile>
    <ClCompile Include="PGMImage.cpp">
      <Filter>Source Files\Image files</Filter>
    </ClCompile>
    <ClCompile Include="PPMImage.cpp">
      <Filter>Source Files\Image files</Filter>
    </ClCompile>
    <ClCompile Include="Grayscale.cpp">
      <Filter>Source Files\Transformation files</Filter>
    </ClCompile>
    <ClCompile Include="Monochrome.cpp">
      <Filter>Source Files\Transformation files</Filter>
    </ClCompile>
    <ClCompile Include="Negative.cpp">
      <Filter>Source Files\Transformation files</Filter>
    </ClCompile>
    <ClCompile Include="Rotate.cpp">
      <Filter>Source Files\Transformation files</Filter>
    </ClCompile>
    <ClCompile Include="Session.cpp">
      <Filter>Source Files\Session files</Filter>
    </ClCompile>
    <ClCompile Include="SessionManager.cpp">
      <Filter>Source Files\Session files</Filter>
    </ClCompile>
    <ClCompile Include="DynamicSet.cpp">
      <Filter>Source Files\Utility</Filter>
    </ClCompile>
    <ClCompile Include="Image.cpp">
      <Filter>Source Files\Image files</Filter>
    </ClCompile>
    <ClCompile Include="Engine.cpp">
      <Filter>Source Files\ApplicationService files</Filter>
    </ClCompile>
    <ClCompile Include="InputService.cpp">
      <Filter>Source Files\ApplicationService files</Filter>
    </ClCompile>
    <ClCompile Include="OutputService.cpp">
      <Filter>Source Files\ApplicationService files</Filter>
    </ClCompile>
    <ClCompile Include="Command.cpp">
      <Filter>Source Files\Command files</Filter>
    </ClCompile>
    <ClCompile Include="SessionContainer.cpp">
      <Filter>Source Files\Container files</Filter>
    </ClCompile>
    <ClCompile Include="ImageContainer.cpp">
      <Filter>Source Files\Container files</Filter>
    </ClCompile>
    <ClCompile Include="AddCommand.cpp">
      <Filter>Source Files\Command files\Addable</Filter>
    </ClCompile>
    <ClCompile Include="IAddableCommand.cpp">
      <Filter>Source Files\Command files\Addable</Filter>
    </ClCompile>
    <ClCompile Include="CollageCommand.cpp">
      <Filter>Source Files\Command files\Addable</Filter>
    </ClCompile>
    <ClCompile Include="GrayscaleCommand.cpp">
      <Filter>Source Files\Command files\Transformational</Filter>
    </ClCompile>
    <ClCompile Include="MonochromeCommand.cpp">
      <Filter>Source Files\Command files\Transformational</Filter>
    </ClCompile>
    <ClCompile Include="NegativeCommand.cpp">
      <Filter>Source Files\Command files\Transformational</Filter>
    </ClCompile>
    <ClCompile Include="MyString.cpp">
      <Filter>Source Files\Utility</Filter>
    </ClCompile>
    <ClCompile Include="RotateCommand.cpp">
      <Filter>Source Files\Command files\Transformational</Filter>
    </ClCompile>
    <ClCompile Include="CommandFactory.cpp">
      <Filter>Source Files\Factory</Filter>
    </ClCompile>
    <ClCompile Include="ITransformableCommand.cpp">
      <Filter>Source Files</Filter>
    </ClCompile>
    <ClCompile Include="CommandContainer.cpp">
      <Filter>Source Files\Container files</Filter>
    </ClCompile>
    <ClCompile Include="ImageFactory.cpp">
      <Filter>Source Files\Factory</Filter>
    </ClCompile>
  </ItemGroup>
  <ItemGroup>
    <ClInclude Include="Image.h">
      <Filter>Header Files\Image files</Filter>
    </ClInclude>
    <ClInclude Include="PBMImage.h">
      <Filter>Header Files\Image files</Filter>
    </ClInclude>
    <ClInclude Include="PGMImage.h">
      <Filter>Header Files\Image files</Filter>
    </ClInclude>
    <ClInclude Include="PPMImage.h">
      <Filter>Header Files\Image files</Filter>
    </ClInclude>
    <ClInclude Include="Monochrome.h">
      <Filter>Header Files\Transformation files</Filter>
    </ClInclude>
    <ClInclude Include="Negative.h">
      <Filter>Header Files\Transformation files</Filter>
    </ClInclude>
    <ClInclude Include="Rotate.h">
      <Filter>Header Files\Transformation files</Filter>
    </ClInclude>
    <ClInclude Include="Transformation.h">
      <Filter>Header Files\Transformation files</Filter>
    </ClInclude>
    <ClInclude Include="Grayscale.h">
      <Filter>Header Files\Transformation files</Filter>
    </ClInclude>
    <ClInclude Include="Session.h">
      <Filter>Header Files\Session files</Filter>
    </ClInclude>
    <ClInclude Include="SessionManager.h">
      <Filter>Header Files\Session files</Filter>
    </ClInclude>
    <ClInclude Include="DynamicSet.h">
      <Filter>Header Files</Filter>
    </ClInclude>
    <ClInclude Include="Pixel.h">
      <Filter>Header Files\Utility</Filter>
    </ClInclude>
    <ClInclude Include="MyString.h">
      <Filter>Header Files\Utility</Filter>
    </ClInclude>
    <ClInclude Include="Vector.hpp">
      <Filter>Header Files\Utility</Filter>
    </ClInclude>
    <ClInclude Include="Engine.h">
      <Filter>Header Files\ApplicationService files</Filter>
    </ClInclude>
    <ClInclude Include="InputService.h">
      <Filter>Header Files\ApplicationService files</Filter>
    </ClInclude>
    <ClInclude Include="OutputService.h">
      <Filter>Header Files\ApplicationService files</Filter>
    </ClInclude>
    <ClInclude Include="Command.h">
      <Filter>Header Files\Command files</Filter>
    </ClInclude>
    <ClInclude Include="ImageContainer.h">
      <Filter>Header Files\Container files</Filter>
    </ClInclude>
    <ClInclude Include="SessionContainer.h">
      <Filter>Header Files\Container files</Filter>
    </ClInclude>
    <ClInclude Include="AddCommand.h">
      <Filter>Header Files\Command files\Addable</Filter>
    </ClInclude>
    <ClInclude Include="CollageCommand.h">
      <Filter>Header Files\Command files\Addable</Filter>
    </ClInclude>
    <ClInclude Include="IAddableCommand.h">
      <Filter>Header Files\Command files\Addable</Filter>
    </ClInclude>
    <ClInclude Include="GrayscaleCommand.h">
      <Filter>Header Files\Command files\Tranformational</Filter>
    </ClInclude>
    <ClInclude Include="ITransformableCommand.h">
      <Filter>Header Files\Command files\Tranformational</Filter>
    </ClInclude>
    <ClInclude Include="MonochromeCommand.h">
      <Filter>Header Files\Command files\Tranformational</Filter>
    </ClInclude>
    <ClInclude Include="NegativeCommand.h">
      <Filter>Header Files\Command files\Tranformational</Filter>
    </ClInclude>
    <ClInclude Include="RotateCommand.h">
      <Filter>Header Files\Command files\Tranformational</Filter>
    </ClInclude>
    <ClInclude Include="CommandFactory.h">
      <Filter>Header Files\Factory</Filter>
    </ClInclude>
    <ClInclude Include="PolymorphicPtr.hpp">
      <Filter>Header Files\Utility</Filter>
    </ClInclude>
    <ClInclude Include="CommandContainer.h">
      <Filter>Header Files\Container files</Filter>
    </ClInclude>
    <ClInclude Include="ImageFactory.h">
      <Filter>Header Files\Factory</Filter>
    </ClInclude>
  </ItemGroup>
  <ItemGroup>
    <None Include="packages.config" />
  </ItemGroup>
</Project>